{
  "name": "@edfi/metaed-core",
  "version": "4.0.1-dev.4",
  "lockfileVersion": 2,
  "requires": true,
  "packages": {
    "": {
      "name": "@edfi/metaed-core",
      "version": "4.0.1-dev.4",
      "license": "SEE LICENSE IN LICENSE.md",
      "dependencies": {
        "ajv": "^6.12.6",
        "antlr4": "4.6.1-patched.0",
        "chalk": "^4.1.2",
        "cosmiconfig": "^5.2.1",
        "deep-freeze": "^0.0.1",
        "deepmerge": "^2.2.1",
        "fs-extra": "^5.0.0",
        "joi": "12.0.0",
        "klaw-sync": "^3.0.2",
        "ramda": "^0.28.0",
        "semver": "^7.3.8",
        "sugar": "^2.0.6",
        "topo": "2.0.2",
        "winston": "3.8.2"
      },
      "devDependencies": {
        "@types/klaw-sync": "^6.0.1",
        "normalize-path": "^2.1.1"
      }
    },
    "node_modules/@colors/colors": {
      "version": "1.5.0",
      "resolved": "https://www.myget.org/F/ed-fi/npm/@colors/colors/-/@colors/colors-1.5.0.tgz",
      "integrity": "sha1-u1BFecHK6SPmV2pPXaQ9Jfl729k=",
      "license": "MIT",
      "engines": {
        "node": ">=0.1.90"
      }
    },
    "node_modules/@dabh/diagnostics": {
      "version": "2.0.3",
      "resolved": "https://www.myget.org/F/ed-fi/npm/@dabh/diagnostics/-/@dabh/diagnostics-2.0.3.tgz",
      "integrity": "sha1-f36X7ppyXf/HgI2TZozJhOHcR3o=",
      "license": "MIT",
      "dependencies": {
        "colorspace": "1.1.x",
        "enabled": "2.0.x",
        "kuler": "^2.0.0"
      }
    },
    "node_modules/@types/klaw-sync": {
      "version": "6.0.1",
      "resolved": "https://www.myget.org/F/ed-fi/npm/@types/klaw-sync/-/@types/klaw-sync-6.0.1.tgz",
      "integrity": "sha1-N39imw/uZEV1tbB5EhAg/6XzXTU=",
      "dev": true,
      "license": "MIT",
      "dependencies": {
        "@types/node": "*"
      }
    },
    "node_modules/@types/node": {
      "version": "18.11.17",
      "resolved": "https://www.myget.org/F/ed-fi/npm/@types/node/-/@types/node-18.11.17.tgz",
      "integrity": "sha1-XACeHZw49KKp1FwLDEk/5s20vLU=",
      "dev": true,
      "license": "MIT"
    },
    "node_modules/ajv": {
      "version": "6.12.6",
      "resolved": "https://www.myget.org/F/ed-fi/npm/ajv/-/ajv-6.12.6.tgz",
      "integrity": "sha1-uvWmLoArB9l3A0WG+MO69a3ybfQ=",
      "license": "MIT",
      "dependencies": {
        "fast-deep-equal": "^3.1.1",
        "fast-json-stable-stringify": "^2.0.0",
        "json-schema-traverse": "^0.4.1",
        "uri-js": "^4.2.2"
      },
      "funding": {
        "type": "github",
        "url": "https://github.com/sponsors/epoberezkin"
      }
    },
    "node_modules/ansi-styles": {
      "version": "4.3.0",
      "resolved": "https://www.myget.org/F/ed-fi/npm/ansi-styles/-/ansi-styles-4.3.0.tgz",
      "integrity": "sha1-7dgDYornHATIWuegkG7a00tkiTc=",
      "license": "MIT",
      "dependencies": {
        "color-convert": "^2.0.1"
      },
      "engines": {
        "node": ">=8"
      },
      "funding": {
        "url": "https://github.com/chalk/ansi-styles?sponsor=1"
      }
    },
    "node_modules/antlr4": {
      "version": "4.6.1-patched.0",
      "resolved": "https://www.myget.org/F/ed-fi/npm/antlr4/-/antlr4-4.6.1-patched.0.tgz",
      "integrity": "sha1-qK3vb25GfPUW8AV5snU7dD4YarQ=",
      "license": "BSD"
    },
    "node_modules/argparse": {
      "version": "1.0.10",
      "resolved": "https://www.myget.org/F/ed-fi/npm/argparse/-/argparse-1.0.10.tgz",
      "integrity": "sha1-vNZ5HqWuCXJeF+WtmIE0zUCz2RE=",
      "license": "MIT",
      "dependencies": {
        "sprintf-js": "~1.0.2"
      }
    },
    "node_modules/async": {
      "version": "3.2.4",
      "resolved": "https://www.myget.org/F/ed-fi/npm/async/-/async-3.2.4.tgz",
      "integrity": "sha1-LSLgD4zd61/eXdM1IrVtHPVpqBw=",
      "license": "MIT"
    },
    "node_modules/caller-callsite": {
      "version": "2.0.0",
      "resolved": "https://www.myget.org/F/ed-fi/npm/caller-callsite/-/caller-callsite-2.0.0.tgz",
      "integrity": "sha1-hH4PzgoiN1CpoCfFSzNzGtMVQTQ=",
      "license": "MIT",
      "dependencies": {
        "callsites": "^2.0.0"
      },
      "engines": {
        "node": ">=4"
      }
    },
    "node_modules/caller-path": {
      "version": "2.0.0",
      "resolved": "https://www.myget.org/F/ed-fi/npm/caller-path/-/caller-path-2.0.0.tgz",
      "integrity": "sha1-Ro+DBE42mrIBD6xfBs7uFbsssfQ=",
      "license": "MIT",
      "dependencies": {
        "caller-callsite": "^2.0.0"
      },
      "engines": {
        "node": ">=4"
      }
    },
    "node_modules/callsites": {
      "version": "2.0.0",
      "resolved": "https://www.myget.org/F/ed-fi/npm/callsites/-/callsites-2.0.0.tgz",
      "integrity": "sha1-BuuE8A7qQT2oav/vrL/7Ngk7PFA=",
      "license": "MIT",
      "engines": {
        "node": ">=4"
      }
    },
    "node_modules/chalk": {
      "version": "4.1.2",
      "resolved": "https://www.myget.org/F/ed-fi/npm/chalk/-/chalk-4.1.2.tgz",
      "integrity": "sha1-qsTit3NKdAhnrrFr8CqtVWoeegE=",
      "license": "MIT",
      "dependencies": {
        "ansi-styles": "^4.1.0",
        "supports-color": "^7.1.0"
      },
      "engines": {
        "node": ">=10"
      },
      "funding": {
        "url": "https://github.com/chalk/chalk?sponsor=1"
      }
    },
    "node_modules/color": {
      "version": "3.2.1",
      "resolved": "https://www.myget.org/F/ed-fi/npm/color/-/color-3.2.1.tgz",
      "integrity": "sha1-NUTcGYyvRJDD7MmnkLVP6f9F4WQ=",
      "license": "MIT",
      "dependencies": {
        "color-convert": "^1.9.3",
        "color-string": "^1.6.0"
      }
    },
    "node_modules/color-convert": {
      "version": "2.0.1",
      "resolved": "https://www.myget.org/F/ed-fi/npm/color-convert/-/color-convert-2.0.1.tgz",
      "integrity": "sha1-ctOmjVmMm9s68q0ehPIdiWq9TeM=",
      "license": "MIT",
      "dependencies": {
        "color-name": "~1.1.4"
      },
      "engines": {
        "node": ">=7.0.0"
      }
    },
    "node_modules/color-name": {
      "version": "1.1.4",
      "resolved": "https://www.myget.org/F/ed-fi/npm/color-name/-/color-name-1.1.4.tgz",
      "integrity": "sha1-wqCah6y95pVD3m9j+jmVyCbFNqI=",
      "license": "MIT"
    },
    "node_modules/color-string": {
      "version": "1.9.1",
      "resolved": "https://www.myget.org/F/ed-fi/npm/color-string/-/color-string-1.9.1.tgz",
      "integrity": "sha1-RGf5FG8Db4Vbdk37W/hYK/NCx6Q=",
      "license": "MIT",
      "dependencies": {
        "color-name": "^1.0.0",
        "simple-swizzle": "^0.2.2"
      }
    },
    "node_modules/color/node_modules/color-convert": {
      "version": "1.9.3",
      "resolved": "https://www.myget.org/F/ed-fi/npm/color-convert/-/color-convert-1.9.3.tgz",
      "integrity": "sha1-u3GFBpDh8TZWfeYp0tVHHe2kweg=",
      "license": "MIT",
      "dependencies": {
        "color-name": "1.1.3"
      }
    },
    "node_modules/color/node_modules/color-name": {
      "version": "1.1.3",
      "resolved": "https://www.myget.org/F/ed-fi/npm/color-name/-/color-name-1.1.3.tgz",
      "integrity": "sha1-p9BVi9icQveV3UIyj3QIMcpTvCU=",
      "license": "MIT"
    },
    "node_modules/colorspace": {
      "version": "1.1.4",
      "resolved": "https://www.myget.org/F/ed-fi/npm/colorspace/-/colorspace-1.1.4.tgz",
      "integrity": "sha1-jUQtEYYVL2BFO/gHDNZus2TlkkM=",
      "license": "MIT",
      "dependencies": {
        "color": "^3.1.3",
        "text-hex": "1.0.x"
      }
    },
    "node_modules/cosmiconfig": {
      "version": "5.2.1",
      "resolved": "https://www.myget.org/F/ed-fi/npm/cosmiconfig/-/cosmiconfig-5.2.1.tgz",
      "integrity": "sha1-BA9yaAnFked6F8CjYmykW08Wixo=",
      "license": "MIT",
      "dependencies": {
        "import-fresh": "^2.0.0",
        "is-directory": "^0.3.1",
        "js-yaml": "^3.13.1",
        "parse-json": "^4.0.0"
      },
      "engines": {
        "node": ">=4"
      }
    },
    "node_modules/deep-freeze": {
      "version": "0.0.1",
      "resolved": "https://www.myget.org/F/ed-fi/npm/deep-freeze/-/deep-freeze-0.0.1.tgz",
      "integrity": "sha1-OgsABd4YZygZ39OM0x+RF5yJPoQ=",
      "license": "public domain"
    },
    "node_modules/deepmerge": {
      "version": "2.2.1",
      "resolved": "https://www.myget.org/F/ed-fi/npm/deepmerge/-/deepmerge-2.2.1.tgz",
      "integrity": "sha1-XT/yKgHAD2RUBaL7wX0HeKGAEXA=",
      "license": "MIT",
      "engines": {
        "node": ">=0.10.0"
      }
    },
    "node_modules/enabled": {
      "version": "2.0.0",
      "resolved": "https://www.myget.org/F/ed-fi/npm/enabled/-/enabled-2.0.0.tgz",
      "integrity": "sha1-+d2S7C1vS7wNXR5k4h1hzUZl58I=",
      "license": "MIT"
    },
    "node_modules/error-ex": {
      "version": "1.3.2",
      "resolved": "https://www.myget.org/F/ed-fi/npm/error-ex/-/error-ex-1.3.2.tgz",
      "integrity": "sha1-tKxAZIEH/c3PriQvQovqihTU8b8=",
      "license": "MIT",
      "dependencies": {
        "is-arrayish": "^0.2.1"
      }
    },
    "node_modules/esprima": {
      "version": "4.0.1",
      "resolved": "https://www.myget.org/F/ed-fi/npm/esprima/-/esprima-4.0.1.tgz",
      "integrity": "sha1-E7BM2z5sXRnfkatph6hpVhmwqnE=",
      "license": "BSD-2-Clause",
      "bin": {
        "esparse": "bin/esparse.js",
        "esvalidate": "bin/esvalidate.js"
      },
      "engines": {
        "node": ">=4"
      }
    },
    "node_modules/fast-deep-equal": {
      "version": "3.1.3",
      "resolved": "https://www.myget.org/F/ed-fi/npm/fast-deep-equal/-/fast-deep-equal-3.1.3.tgz",
      "integrity": "sha1-On1WtVnWy8PrUSMlJE5hmmXGxSU=",
      "license": "MIT"
    },
    "node_modules/fast-json-stable-stringify": {
      "version": "2.1.0",
      "resolved": "https://www.myget.org/F/ed-fi/npm/fast-json-stable-stringify/-/fast-json-stable-stringify-2.1.0.tgz",
      "integrity": "sha1-h0v2nG9ATCtdmcSBNBOZ/VWJJjM=",
      "license": "MIT"
    },
    "node_modules/fecha": {
      "version": "4.2.3",
      "resolved": "https://www.myget.org/F/ed-fi/npm/fecha/-/fecha-4.2.3.tgz",
      "integrity": "sha1-TZzNvGHoYpsln9ymfmWJFEjVaf0=",
      "license": "MIT"
    },
    "node_modules/fn.name": {
      "version": "1.1.0",
      "resolved": "https://www.myget.org/F/ed-fi/npm/fn.name/-/fn.name-1.1.0.tgz",
      "integrity": "sha1-JsrYAXlnrqhzG8QpYdBKPVmIrMw=",
      "license": "MIT"
    },
    "node_modules/fs-extra": {
      "version": "5.0.0",
      "license": "MIT",
      "dependencies": {
        "graceful-fs": "^4.1.2",
        "jsonfile": "^4.0.0",
        "universalify": "^0.1.0"
      }
    },
    "node_modules/graceful-fs": {
      "version": "4.2.10",
      "resolved": "https://www.myget.org/F/ed-fi/npm/graceful-fs/-/graceful-fs-4.2.10.tgz",
      "integrity": "sha1-FH06AG2kyjzhRyjHrvwofDZ9emw=",
      "license": "ISC"
    },
    "node_modules/has-flag": {
      "version": "4.0.0",
      "resolved": "https://www.myget.org/F/ed-fi/npm/has-flag/-/has-flag-4.0.0.tgz",
      "integrity": "sha1-lEdx/ZyByBJlxNaUGGDaBrtZR5s=",
      "license": "MIT",
      "engines": {
        "node": ">=8"
      }
    },
    "node_modules/hoek": {
      "version": "4.2.1",
      "resolved": "https://www.myget.org/F/ed-fi/npm/hoek/-/hoek-4.2.1.tgz",
      "integrity": "sha1-ljRQKqEsRF3Vp8VzS1cruHOKrLs=",
      "deprecated": "This version has been deprecated in accordance with the hapi support policy (hapi.im/support). Please upgrade to the latest version to get the best features, bug fixes, and security patches. If you are unable to upgrade at this time, paid support is available for older versions (hapi.im/commercial).",
      "license": "BSD-3-Clause",
      "engines": {
        "node": ">=4.0.0"
      }
    },
    "node_modules/import-fresh": {
      "version": "2.0.0",
      "resolved": "https://www.myget.org/F/ed-fi/npm/import-fresh/-/import-fresh-2.0.0.tgz",
      "integrity": "sha1-2BNVwVYS04bGH53dOSLUMEgipUY=",
      "license": "MIT",
      "dependencies": {
        "caller-path": "^2.0.0",
        "resolve-from": "^3.0.0"
      },
      "engines": {
        "node": ">=4"
      }
    },
    "node_modules/inherits": {
      "version": "2.0.4",
      "resolved": "https://www.myget.org/F/ed-fi/npm/inherits/-/inherits-2.0.4.tgz",
      "integrity": "sha1-D6LGT5MpF8NDOg3tVTY6rjdBa3w=",
      "license": "ISC"
    },
    "node_modules/is-arrayish": {
      "version": "0.2.1",
      "resolved": "https://www.myget.org/F/ed-fi/npm/is-arrayish/-/is-arrayish-0.2.1.tgz",
      "integrity": "sha1-d8mYQFJ6qOyxqLppe4BkWnqSap0=",
      "license": "MIT"
    },
    "node_modules/is-directory": {
      "version": "0.3.1",
      "resolved": "https://www.myget.org/F/ed-fi/npm/is-directory/-/is-directory-0.3.1.tgz",
      "integrity": "sha1-YTObbyR1/Hcv2cnYP1yFddwVSuE=",
      "license": "MIT",
      "engines": {
        "node": ">=0.10.0"
      }
    },
    "node_modules/is-stream": {
      "version": "2.0.1",
      "resolved": "https://www.myget.org/F/ed-fi/npm/is-stream/-/is-stream-2.0.1.tgz",
      "integrity": "sha1-+sHj1TuXrVqdCunO8jifWBClwHc=",
      "license": "MIT",
      "engines": {
        "node": ">=8"
      },
      "funding": {
        "url": "https://github.com/sponsors/sindresorhus"
      }
    },
    "node_modules/isemail": {
      "version": "3.2.0",
      "resolved": "https://www.myget.org/F/ed-fi/npm/isemail/-/isemail-3.2.0.tgz",
      "integrity": "sha1-WTEKAhkxqfsGu7UeFVzgs/I2gyw=",
      "license": "BSD-3-Clause",
      "dependencies": {
        "punycode": "2.x.x"
      },
      "engines": {
        "node": ">=4.0.0"
      }
    },
    "node_modules/joi": {
      "version": "12.0.0",
      "resolved": "https://www.myget.org/F/ed-fi/npm/joi/-/joi-12.0.0.tgz",
      "integrity": "sha1-RvVeaPTZYo8Bu7aVkCyLMHrY0zo=",
      "deprecated": "This version has been deprecated in accordance with the hapi support policy (hapi.im/support). Please upgrade to the latest version to get the best features, bug fixes, and security patches. If you are unable to upgrade at this time, paid support is available for older versions (hapi.im/commercial).",
      "license": "BSD-3-Clause",
      "dependencies": {
        "hoek": "4.x.x",
        "isemail": "3.x.x",
        "topo": "2.x.x"
      },
      "engines": {
        "node": ">=4.0.0"
      }
    },
    "node_modules/js-yaml": {
      "version": "3.14.1",
      "resolved": "https://www.myget.org/F/ed-fi/npm/js-yaml/-/js-yaml-3.14.1.tgz",
      "integrity": "sha1-2ugS/bOCX6MGYJqHFzg8UMNqBTc=",
      "license": "MIT",
      "dependencies": {
        "argparse": "^1.0.7",
        "esprima": "^4.0.0"
      },
      "bin": {
        "js-yaml": "bin/js-yaml.js"
      }
    },
    "node_modules/json-parse-better-errors": {
      "version": "1.0.2",
      "resolved": "https://www.myget.org/F/ed-fi/npm/json-parse-better-errors/-/json-parse-better-errors-1.0.2.tgz",
      "integrity": "sha1-u4Z8+zRQ5pEHwTHRxRS6s9yLyqk=",
      "license": "MIT"
    },
    "node_modules/json-schema-traverse": {
      "version": "0.4.1",
      "resolved": "https://www.myget.org/F/ed-fi/npm/json-schema-traverse/-/json-schema-traverse-0.4.1.tgz",
      "integrity": "sha1-afaofZUTq4u4/mO9sJecRI5oRmA=",
      "license": "MIT"
    },
    "node_modules/jsonfile": {
      "version": "4.0.0",
      "license": "MIT",
      "optionalDependencies": {
        "graceful-fs": "^4.1.6"
      }
    },
    "node_modules/klaw-sync": {
      "version": "3.0.2",
      "resolved": "https://www.myget.org/F/ed-fi/npm/klaw-sync/-/klaw-sync-3.0.2.tgz",
      "integrity": "sha1-vzpcpGOvWuwAcgHb6L5wiO8p0Gc=",
      "license": "MIT",
      "dependencies": {
        "graceful-fs": "^4.1.11"
      }
    },
    "node_modules/kuler": {
      "version": "2.0.0",
      "resolved": "https://www.myget.org/F/ed-fi/npm/kuler/-/kuler-2.0.0.tgz",
      "integrity": "sha1-4sVwo4ADiPtEQH6FFTHB1nCwYbM=",
      "license": "MIT"
    },
    "node_modules/logform": {
      "version": "2.4.2",
      "resolved": "https://www.myget.org/F/ed-fi/npm/logform/-/logform-2.4.2.tgz",
      "integrity": "sha1-pheYOsAzTQw7lCw0lFOABieVtHw=",
      "license": "MIT",
      "dependencies": {
        "@colors/colors": "1.5.0",
        "fecha": "^4.2.0",
        "ms": "^2.1.1",
        "safe-stable-stringify": "^2.3.1",
        "triple-beam": "^1.3.0"
      }
    },
    "node_modules/ms": {
      "version": "2.1.3",
      "resolved": "https://www.myget.org/F/ed-fi/npm/ms/-/ms-2.1.3.tgz",
      "integrity": "sha1-V0yBOM4dK1hh8LRFedut1gxmFbI=",
      "license": "MIT"
    },
    "node_modules/normalize-path": {
      "version": "2.1.1",
      "resolved": "https://www.myget.org/F/ed-fi/npm/normalize-path/-/normalize-path-2.1.1.tgz",
      "integrity": "sha1-GrKLVW4Zg2Oowab35vogE3/mrtk=",
      "dev": true,
      "license": "MIT",
      "dependencies": {
        "remove-trailing-separator": "^1.0.1"
      },
      "engines": {
        "node": ">=0.10.0"
      }
    },
    "node_modules/one-time": {
      "version": "1.0.0",
      "resolved": "https://www.myget.org/F/ed-fi/npm/one-time/-/one-time-1.0.0.tgz",
      "integrity": "sha1-4GvBdK7SFO1Y7e3lc7Qzu/gny0U=",
      "license": "MIT",
      "dependencies": {
        "fn.name": "1.x.x"
      }
    },
    "node_modules/parse-json": {
      "version": "4.0.0",
      "resolved": "https://www.myget.org/F/ed-fi/npm/parse-json/-/parse-json-4.0.0.tgz",
      "integrity": "sha1-vjX1Qlvh9/bHRxhPmKeIy5lHfuA=",
      "license": "MIT",
      "dependencies": {
        "error-ex": "^1.3.1",
        "json-parse-better-errors": "^1.0.1"
      },
      "engines": {
        "node": ">=4"
      }
    },
    "node_modules/punycode": {
      "version": "2.1.1",
      "resolved": "https://www.myget.org/F/ed-fi/npm/punycode/-/punycode-2.1.1.tgz",
      "integrity": "sha1-tYsBCsQMIsVldhbI0sLALHv0eew=",
      "license": "MIT",
      "engines": {
        "node": ">=6"
      }
    },
    "node_modules/ramda": {
      "version": "0.28.0",
      "resolved": "https://www.myget.org/F/ed-fi/npm/ramda/-/ramda-0.28.0.tgz",
      "integrity": "sha1-rNeFaQEAM36LBjyrNHABm+QnzJc=",
      "license": "MIT",
      "funding": {
        "type": "opencollective",
        "url": "https://opencollective.com/ramda"
      }
    },
    "node_modules/readable-stream": {
      "version": "3.6.0",
      "resolved": "https://www.myget.org/F/ed-fi/npm/readable-stream/-/readable-stream-3.6.0.tgz",
      "integrity": "sha1-M3u9o63AcGvT4CRCaihtS0sskZg=",
      "license": "MIT",
      "dependencies": {
        "inherits": "^2.0.3",
        "string_decoder": "^1.1.1",
        "util-deprecate": "^1.0.1"
      },
      "engines": {
        "node": ">= 6"
      }
    },
    "node_modules/remove-trailing-separator": {
      "version": "1.1.0",
      "resolved": "https://www.myget.org/F/ed-fi/npm/remove-trailing-separator/-/remove-trailing-separator-1.1.0.tgz",
      "integrity": "sha1-wkvOKig62tW8P1jg1IJJuSN52O8=",
      "dev": true,
      "license": "ISC"
    },
    "node_modules/resolve-from": {
      "version": "3.0.0",
      "resolved": "https://www.myget.org/F/ed-fi/npm/resolve-from/-/resolve-from-3.0.0.tgz",
      "integrity": "sha1-six699nWiBvItuZTM17rywoYh0g=",
      "license": "MIT",
      "engines": {
        "node": ">=4"
      }
    },
    "node_modules/safe-buffer": {
      "version": "5.2.1",
      "resolved": "https://www.myget.org/F/ed-fi/npm/safe-buffer/-/safe-buffer-5.2.1.tgz",
      "integrity": "sha1-Hq+fqb2x/dTsdfWPnNtOa3gn7sY=",
      "funding": [
        {
          "type": "github",
          "url": "https://github.com/sponsors/feross"
        },
        {
          "type": "patreon",
          "url": "https://www.patreon.com/feross"
        },
        {
          "type": "consulting",
          "url": "https://feross.org/support"
        }
      ],
      "license": "MIT"
    },
    "node_modules/safe-stable-stringify": {
      "version": "2.4.1",
      "resolved": "https://www.myget.org/F/ed-fi/npm/safe-stable-stringify/-/safe-stable-stringify-2.4.1.tgz",
      "integrity": "sha1-NGlL2KMFdbf5R5KqUVJ1Ub1zPWE=",
      "license": "MIT",
      "engines": {
        "node": ">=10"
      }
    },
    "node_modules/semver": {
      "version": "7.3.8",
      "license": "ISC",
      "dependencies": {
        "lru-cache": "^6.0.0"
      },
      "bin": {
        "semver": "bin/semver.js"
      },
      "engines": {
        "node": ">=10"
      }
    },
    "node_modules/simple-swizzle": {
      "version": "0.2.2",
      "resolved": "https://www.myget.org/F/ed-fi/npm/simple-swizzle/-/simple-swizzle-0.2.2.tgz",
      "integrity": "sha1-pNprY1/8zMoz9w0Xy5JZLeleVXo=",
      "license": "MIT",
      "dependencies": {
        "is-arrayish": "^0.3.1"
      }
    },
    "node_modules/simple-swizzle/node_modules/is-arrayish": {
      "version": "0.3.2",
      "resolved": "https://www.myget.org/F/ed-fi/npm/is-arrayish/-/is-arrayish-0.3.2.tgz",
      "integrity": "sha1-RXSirlb3qyBolvtDHq7tBm/fjwM=",
      "license": "MIT"
    },
    "node_modules/sprintf-js": {
      "version": "1.0.3",
      "resolved": "https://www.myget.org/F/ed-fi/npm/sprintf-js/-/sprintf-js-1.0.3.tgz",
      "integrity": "sha1-BOaSb2YolTVPPdAVIDYzuFcpfiw=",
      "license": "BSD-3-Clause"
    },
    "node_modules/stack-trace": {
      "version": "0.0.10",
      "resolved": "https://www.myget.org/F/ed-fi/npm/stack-trace/-/stack-trace-0.0.10.tgz",
      "integrity": "sha1-VHxws0fo0ytOEI6hoqFZ5f3eGcA=",
      "license": "MIT",
      "engines": {
        "node": "*"
      }
    },
    "node_modules/string_decoder": {
      "version": "1.3.0",
      "resolved": "https://www.myget.org/F/ed-fi/npm/string_decoder/-/string_decoder-1.3.0.tgz",
      "integrity": "sha1-QvEUWUpGzxqOMLCoT1bHjD7awh4=",
      "license": "MIT",
      "dependencies": {
        "safe-buffer": "~5.2.0"
      }
    },
    "node_modules/sugar": {
      "version": "2.0.6",
      "resolved": "https://www.myget.org/F/ed-fi/npm/sugar/-/sugar-2.0.6.tgz",
      "integrity": "sha1-qgjjia3ScQn7NXGFmDE+BQOk/Dk=",
      "license": "MIT",
      "dependencies": {
        "sugar-core": "^2.0.0"
      },
      "engines": {
        "node": ">= 0.8.23"
      }
    },
    "node_modules/sugar-core": {
      "version": "2.0.6",
      "resolved": "https://www.myget.org/F/ed-fi/npm/sugar-core/-/sugar-core-2.0.6.tgz",
      "integrity": "sha1-eF4M1kqnMC6lTUe8EhPv5SwAYnA=",
      "license": "MIT",
      "engines": {
        "node": ">= 0.8.23"
      }
    },
    "node_modules/supports-color": {
      "version": "7.2.0",
      "resolved": "https://www.myget.org/F/ed-fi/npm/supports-color/-/supports-color-7.2.0.tgz",
      "integrity": "sha1-G33NyzK4E4gBs+R4umpRyqiWSNo=",
      "license": "MIT",
      "dependencies": {
        "has-flag": "^4.0.0"
      },
      "engines": {
        "node": ">=8"
      }
    },
    "node_modules/text-hex": {
      "version": "1.0.0",
      "resolved": "https://www.myget.org/F/ed-fi/npm/text-hex/-/text-hex-1.0.0.tgz",
      "integrity": "sha1-adycGxdEbueakr9biEu0uRJ1BvU=",
      "license": "MIT"
    },
    "node_modules/topo": {
      "version": "2.0.2",
      "resolved": "https://www.myget.org/F/ed-fi/npm/topo/-/topo-2.0.2.tgz",
      "integrity": "sha1-zVYVdSU5BXwNwEkaYhw7xvvh0YI=",
      "deprecated": "This version has been deprecated in accordance with the hapi support policy (hapi.im/support). Please upgrade to the latest version to get the best features, bug fixes, and security patches. If you are unable to upgrade at this time, paid support is available for older versions (hapi.im/commercial).",
      "license": "BSD-3-Clause",
      "dependencies": {
        "hoek": "4.x.x"
      },
      "engines": {
        "node": ">=4.0.0"
      }
    },
    "node_modules/triple-beam": {
      "version": "1.3.0",
      "resolved": "https://www.myget.org/F/ed-fi/npm/triple-beam/-/triple-beam-1.3.0.tgz",
      "integrity": "sha1-pZUhTHKY24M57u7gg+TRC9jLjdk=",
      "license": "MIT"
    },
    "node_modules/universalify": {
      "version": "0.1.2",
      "license": "MIT",
      "engines": {
        "node": ">= 4.0.0"
      }
    },
    "node_modules/uri-js": {
      "version": "4.4.1",
      "resolved": "https://www.myget.org/F/ed-fi/npm/uri-js/-/uri-js-4.4.1.tgz",
      "integrity": "sha1-mxpSWVIlhZ5V9mnZKPiMbFfyp34=",
      "license": "BSD-2-Clause",
      "dependencies": {
        "punycode": "^2.1.0"
      }
    },
    "node_modules/util-deprecate": {
      "version": "1.0.2",
      "resolved": "https://www.myget.org/F/ed-fi/npm/util-deprecate/-/util-deprecate-1.0.2.tgz",
      "integrity": "sha1-RQ1Nyfpw3nMnYvvS1KKJgUGaDM8=",
      "license": "MIT"
    },
    "node_modules/winston": {
      "version": "3.8.2",
      "resolved": "https://www.myget.org/F/ed-fi/npm/winston/-/winston-3.8.2.tgz",
      "integrity": "sha1-VuFrNAIutM/yY4GW2WRtdDD9rVA=",
      "license": "MIT",
      "dependencies": {
        "@colors/colors": "1.5.0",
        "@dabh/diagnostics": "^2.0.2",
        "async": "^3.2.3",
        "is-stream": "^2.0.0",
        "logform": "^2.4.0",
        "one-time": "^1.0.0",
        "readable-stream": "^3.4.0",
        "safe-stable-stringify": "^2.3.1",
        "stack-trace": "0.0.x",
        "triple-beam": "^1.3.0",
        "winston-transport": "^4.5.0"
      },
      "engines": {
        "node": ">= 12.0.0"
      }
    },
    "node_modules/winston-transport": {
      "version": "4.5.0",
      "resolved": "https://www.myget.org/F/ed-fi/npm/winston-transport/-/winston-transport-4.5.0.tgz",
      "integrity": "sha1-bnsN0E05MXHtXk5JBdsmX3qzhPo=",
      "license": "MIT",
      "dependencies": {
        "logform": "^2.3.2",
        "readable-stream": "^3.6.0",
        "triple-beam": "^1.3.0"
      },
      "engines": {
        "node": ">= 6.4.0"
      }
    }
  },
  "dependencies": {
    "@colors/colors": {
      "version": "1.5.0",
      "resolved": "https://www.myget.org/F/ed-fi/npm/@colors/colors/-/@colors/colors-1.5.0.tgz",
      "integrity": "sha1-u1BFecHK6SPmV2pPXaQ9Jfl729k="
    },
    "@dabh/diagnostics": {
      "version": "2.0.3",
      "resolved": "https://www.myget.org/F/ed-fi/npm/@dabh/diagnostics/-/@dabh/diagnostics-2.0.3.tgz",
      "integrity": "sha1-f36X7ppyXf/HgI2TZozJhOHcR3o=",
      "requires": {
        "colorspace": "1.1.x",
        "enabled": "2.0.x",
        "kuler": "^2.0.0"
      }
    },
    "@types/klaw-sync": {
      "version": "6.0.1",
      "resolved": "https://www.myget.org/F/ed-fi/npm/@types/klaw-sync/-/@types/klaw-sync-6.0.1.tgz",
      "integrity": "sha1-N39imw/uZEV1tbB5EhAg/6XzXTU=",
      "dev": true,
      "requires": {
        "@types/node": "*"
      }
    },
    "@types/node": {
      "version": "18.11.17",
      "resolved": "https://www.myget.org/F/ed-fi/npm/@types/node/-/@types/node-18.11.17.tgz",
      "integrity": "sha1-XACeHZw49KKp1FwLDEk/5s20vLU=",
      "dev": true
    },
    "ajv": {
      "version": "6.12.6",
      "resolved": "https://www.myget.org/F/ed-fi/npm/ajv/-/ajv-6.12.6.tgz",
      "integrity": "sha1-uvWmLoArB9l3A0WG+MO69a3ybfQ=",
      "requires": {
        "fast-deep-equal": "^3.1.1",
        "fast-json-stable-stringify": "^2.0.0",
        "json-schema-traverse": "^0.4.1",
        "uri-js": "^4.2.2"
      }
    },
    "ansi-styles": {
      "version": "4.3.0",
      "resolved": "https://www.myget.org/F/ed-fi/npm/ansi-styles/-/ansi-styles-4.3.0.tgz",
      "integrity": "sha1-7dgDYornHATIWuegkG7a00tkiTc=",
      "requires": {
        "color-convert": "^2.0.1"
      }
    },
    "antlr4": {
      "version": "4.6.1-patched.0",
      "resolved": "https://www.myget.org/F/ed-fi/npm/antlr4/-/antlr4-4.6.1-patched.0.tgz",
      "integrity": "sha1-qK3vb25GfPUW8AV5snU7dD4YarQ="
    },
    "argparse": {
      "version": "1.0.10",
      "resolved": "https://www.myget.org/F/ed-fi/npm/argparse/-/argparse-1.0.10.tgz",
      "integrity": "sha1-vNZ5HqWuCXJeF+WtmIE0zUCz2RE=",
      "requires": {
        "sprintf-js": "~1.0.2"
      }
    },
    "async": {
      "version": "3.2.4",
      "resolved": "https://www.myget.org/F/ed-fi/npm/async/-/async-3.2.4.tgz",
      "integrity": "sha1-LSLgD4zd61/eXdM1IrVtHPVpqBw="
    },
    "caller-callsite": {
      "version": "2.0.0",
      "resolved": "https://www.myget.org/F/ed-fi/npm/caller-callsite/-/caller-callsite-2.0.0.tgz",
      "integrity": "sha1-hH4PzgoiN1CpoCfFSzNzGtMVQTQ=",
      "requires": {
        "callsites": "^2.0.0"
      }
    },
    "caller-path": {
      "version": "2.0.0",
      "resolved": "https://www.myget.org/F/ed-fi/npm/caller-path/-/caller-path-2.0.0.tgz",
      "integrity": "sha1-Ro+DBE42mrIBD6xfBs7uFbsssfQ=",
      "requires": {
        "caller-callsite": "^2.0.0"
      }
    },
    "callsites": {
      "version": "2.0.0",
      "resolved": "https://www.myget.org/F/ed-fi/npm/callsites/-/callsites-2.0.0.tgz",
      "integrity": "sha1-BuuE8A7qQT2oav/vrL/7Ngk7PFA="
    },
    "chalk": {
      "version": "4.1.2",
      "resolved": "https://www.myget.org/F/ed-fi/npm/chalk/-/chalk-4.1.2.tgz",
      "integrity": "sha1-qsTit3NKdAhnrrFr8CqtVWoeegE=",
      "requires": {
        "ansi-styles": "^4.1.0",
        "supports-color": "^7.1.0"
      }
    },
    "color": {
      "version": "3.2.1",
      "resolved": "https://www.myget.org/F/ed-fi/npm/color/-/color-3.2.1.tgz",
      "integrity": "sha1-NUTcGYyvRJDD7MmnkLVP6f9F4WQ=",
      "requires": {
        "color-convert": "^1.9.3",
        "color-string": "^1.6.0"
      },
      "dependencies": {
        "color-convert": {
          "version": "1.9.3",
          "resolved": "https://www.myget.org/F/ed-fi/npm/color-convert/-/color-convert-1.9.3.tgz",
          "integrity": "sha1-u3GFBpDh8TZWfeYp0tVHHe2kweg=",
          "requires": {
            "color-name": "1.1.3"
          }
        },
        "color-name": {
          "version": "1.1.3",
          "resolved": "https://www.myget.org/F/ed-fi/npm/color-name/-/color-name-1.1.3.tgz",
          "integrity": "sha1-p9BVi9icQveV3UIyj3QIMcpTvCU="
        }
      }
    },
    "color-convert": {
      "version": "2.0.1",
      "resolved": "https://www.myget.org/F/ed-fi/npm/color-convert/-/color-convert-2.0.1.tgz",
      "integrity": "sha1-ctOmjVmMm9s68q0ehPIdiWq9TeM=",
      "requires": {
        "color-name": "~1.1.4"
      }
    },
    "color-name": {
      "version": "1.1.4",
      "resolved": "https://www.myget.org/F/ed-fi/npm/color-name/-/color-name-1.1.4.tgz",
      "integrity": "sha1-wqCah6y95pVD3m9j+jmVyCbFNqI="
    },
    "color-string": {
      "version": "1.9.1",
      "resolved": "https://www.myget.org/F/ed-fi/npm/color-string/-/color-string-1.9.1.tgz",
      "integrity": "sha1-RGf5FG8Db4Vbdk37W/hYK/NCx6Q=",
      "requires": {
        "color-name": "^1.0.0",
        "simple-swizzle": "^0.2.2"
      }
    },
    "colorspace": {
      "version": "1.1.4",
      "resolved": "https://www.myget.org/F/ed-fi/npm/colorspace/-/colorspace-1.1.4.tgz",
      "integrity": "sha1-jUQtEYYVL2BFO/gHDNZus2TlkkM=",
      "requires": {
        "color": "^3.1.3",
        "text-hex": "1.0.x"
      }
    },
    "cosmiconfig": {
      "version": "5.2.1",
      "resolved": "https://www.myget.org/F/ed-fi/npm/cosmiconfig/-/cosmiconfig-5.2.1.tgz",
      "integrity": "sha1-BA9yaAnFked6F8CjYmykW08Wixo=",
      "requires": {
        "import-fresh": "^2.0.0",
        "is-directory": "^0.3.1",
        "js-yaml": "^3.13.1",
        "parse-json": "^4.0.0"
      }
    },
    "deep-freeze": {
      "version": "0.0.1",
      "resolved": "https://www.myget.org/F/ed-fi/npm/deep-freeze/-/deep-freeze-0.0.1.tgz",
      "integrity": "sha1-OgsABd4YZygZ39OM0x+RF5yJPoQ="
    },
    "deepmerge": {
      "version": "2.2.1",
      "resolved": "https://www.myget.org/F/ed-fi/npm/deepmerge/-/deepmerge-2.2.1.tgz",
      "integrity": "sha1-XT/yKgHAD2RUBaL7wX0HeKGAEXA="
    },
    "enabled": {
      "version": "2.0.0",
      "resolved": "https://www.myget.org/F/ed-fi/npm/enabled/-/enabled-2.0.0.tgz",
      "integrity": "sha1-+d2S7C1vS7wNXR5k4h1hzUZl58I="
    },
    "error-ex": {
      "version": "1.3.2",
      "resolved": "https://www.myget.org/F/ed-fi/npm/error-ex/-/error-ex-1.3.2.tgz",
      "integrity": "sha1-tKxAZIEH/c3PriQvQovqihTU8b8=",
      "requires": {
        "is-arrayish": "^0.2.1"
      }
    },
    "esprima": {
      "version": "4.0.1",
      "resolved": "https://www.myget.org/F/ed-fi/npm/esprima/-/esprima-4.0.1.tgz",
      "integrity": "sha1-E7BM2z5sXRnfkatph6hpVhmwqnE="
    },
    "fast-deep-equal": {
      "version": "3.1.3",
      "resolved": "https://www.myget.org/F/ed-fi/npm/fast-deep-equal/-/fast-deep-equal-3.1.3.tgz",
      "integrity": "sha1-On1WtVnWy8PrUSMlJE5hmmXGxSU="
    },
    "fast-json-stable-stringify": {
      "version": "2.1.0",
      "resolved": "https://www.myget.org/F/ed-fi/npm/fast-json-stable-stringify/-/fast-json-stable-stringify-2.1.0.tgz",
      "integrity": "sha1-h0v2nG9ATCtdmcSBNBOZ/VWJJjM="
    },
    "fecha": {
      "version": "4.2.3",
      "resolved": "https://www.myget.org/F/ed-fi/npm/fecha/-/fecha-4.2.3.tgz",
      "integrity": "sha1-TZzNvGHoYpsln9ymfmWJFEjVaf0="
    },
    "fn.name": {
      "version": "1.1.0",
      "resolved": "https://www.myget.org/F/ed-fi/npm/fn.name/-/fn.name-1.1.0.tgz",
      "integrity": "sha1-JsrYAXlnrqhzG8QpYdBKPVmIrMw="
    },
    "fs-extra": {
      "version": "5.0.0",
      "requires": {
        "graceful-fs": "^4.1.2",
        "jsonfile": "^4.0.0",
        "universalify": "^0.1.0"
      }
    },
    "graceful-fs": {
      "version": "4.2.10",
      "resolved": "https://www.myget.org/F/ed-fi/npm/graceful-fs/-/graceful-fs-4.2.10.tgz",
      "integrity": "sha1-FH06AG2kyjzhRyjHrvwofDZ9emw="
    },
    "has-flag": {
      "version": "4.0.0",
      "resolved": "https://www.myget.org/F/ed-fi/npm/has-flag/-/has-flag-4.0.0.tgz",
      "integrity": "sha1-lEdx/ZyByBJlxNaUGGDaBrtZR5s="
    },
    "hoek": {
      "version": "4.2.1",
      "resolved": "https://www.myget.org/F/ed-fi/npm/hoek/-/hoek-4.2.1.tgz",
      "integrity": "sha1-ljRQKqEsRF3Vp8VzS1cruHOKrLs="
    },
    "import-fresh": {
      "version": "2.0.0",
      "resolved": "https://www.myget.org/F/ed-fi/npm/import-fresh/-/import-fresh-2.0.0.tgz",
      "integrity": "sha1-2BNVwVYS04bGH53dOSLUMEgipUY=",
      "requires": {
        "caller-path": "^2.0.0",
        "resolve-from": "^3.0.0"
      }
    },
    "inherits": {
      "version": "2.0.4",
      "resolved": "https://www.myget.org/F/ed-fi/npm/inherits/-/inherits-2.0.4.tgz",
      "integrity": "sha1-D6LGT5MpF8NDOg3tVTY6rjdBa3w="
    },
    "is-arrayish": {
      "version": "0.2.1",
      "resolved": "https://www.myget.org/F/ed-fi/npm/is-arrayish/-/is-arrayish-0.2.1.tgz",
      "integrity": "sha1-d8mYQFJ6qOyxqLppe4BkWnqSap0="
    },
    "is-directory": {
      "version": "0.3.1",
      "resolved": "https://www.myget.org/F/ed-fi/npm/is-directory/-/is-directory-0.3.1.tgz",
      "integrity": "sha1-YTObbyR1/Hcv2cnYP1yFddwVSuE="
    },
    "is-stream": {
      "version": "2.0.1",
      "resolved": "https://www.myget.org/F/ed-fi/npm/is-stream/-/is-stream-2.0.1.tgz",
      "integrity": "sha1-+sHj1TuXrVqdCunO8jifWBClwHc="
    },
    "isemail": {
      "version": "3.2.0",
      "resolved": "https://www.myget.org/F/ed-fi/npm/isemail/-/isemail-3.2.0.tgz",
      "integrity": "sha1-WTEKAhkxqfsGu7UeFVzgs/I2gyw=",
      "requires": {
        "punycode": "2.x.x"
      }
    },
    "joi": {
      "version": "12.0.0",
      "resolved": "https://www.myget.org/F/ed-fi/npm/joi/-/joi-12.0.0.tgz",
      "integrity": "sha1-RvVeaPTZYo8Bu7aVkCyLMHrY0zo=",
      "requires": {
        "hoek": "4.x.x",
        "isemail": "3.x.x",
        "topo": "2.x.x"
      }
    },
    "js-yaml": {
      "version": "3.14.1",
      "resolved": "https://www.myget.org/F/ed-fi/npm/js-yaml/-/js-yaml-3.14.1.tgz",
      "integrity": "sha1-2ugS/bOCX6MGYJqHFzg8UMNqBTc=",
      "requires": {
        "argparse": "^1.0.7",
        "esprima": "^4.0.0"
      }
    },
    "json-parse-better-errors": {
      "version": "1.0.2",
      "resolved": "https://www.myget.org/F/ed-fi/npm/json-parse-better-errors/-/json-parse-better-errors-1.0.2.tgz",
      "integrity": "sha1-u4Z8+zRQ5pEHwTHRxRS6s9yLyqk="
    },
    "json-schema-traverse": {
      "version": "0.4.1",
      "resolved": "https://www.myget.org/F/ed-fi/npm/json-schema-traverse/-/json-schema-traverse-0.4.1.tgz",
      "integrity": "sha1-afaofZUTq4u4/mO9sJecRI5oRmA="
    },
    "jsonfile": {
      "version": "4.0.0",
      "requires": {
        "graceful-fs": "^4.1.6"
      }
    },
    "klaw-sync": {
      "version": "3.0.2",
      "resolved": "https://www.myget.org/F/ed-fi/npm/klaw-sync/-/klaw-sync-3.0.2.tgz",
      "integrity": "sha1-vzpcpGOvWuwAcgHb6L5wiO8p0Gc=",
      "requires": {
        "graceful-fs": "^4.1.11"
      }
    },
    "kuler": {
      "version": "2.0.0",
      "resolved": "https://www.myget.org/F/ed-fi/npm/kuler/-/kuler-2.0.0.tgz",
      "integrity": "sha1-4sVwo4ADiPtEQH6FFTHB1nCwYbM="
    },
    "logform": {
      "version": "2.4.2",
      "resolved": "https://www.myget.org/F/ed-fi/npm/logform/-/logform-2.4.2.tgz",
      "integrity": "sha1-pheYOsAzTQw7lCw0lFOABieVtHw=",
      "requires": {
        "@colors/colors": "1.5.0",
        "fecha": "^4.2.0",
        "ms": "^2.1.1",
        "safe-stable-stringify": "^2.3.1",
        "triple-beam": "^1.3.0"
      }
    },
    "ms": {
      "version": "2.1.3",
      "resolved": "https://www.myget.org/F/ed-fi/npm/ms/-/ms-2.1.3.tgz",
      "integrity": "sha1-V0yBOM4dK1hh8LRFedut1gxmFbI="
    },
    "normalize-path": {
      "version": "2.1.1",
      "resolved": "https://www.myget.org/F/ed-fi/npm/normalize-path/-/normalize-path-2.1.1.tgz",
      "integrity": "sha1-GrKLVW4Zg2Oowab35vogE3/mrtk=",
      "dev": true,
      "requires": {
        "remove-trailing-separator": "^1.0.1"
      }
    },
    "one-time": {
      "version": "1.0.0",
      "resolved": "https://www.myget.org/F/ed-fi/npm/one-time/-/one-time-1.0.0.tgz",
      "integrity": "sha1-4GvBdK7SFO1Y7e3lc7Qzu/gny0U=",
      "requires": {
        "fn.name": "1.x.x"
      }
    },
    "parse-json": {
      "version": "4.0.0",
      "resolved": "https://www.myget.org/F/ed-fi/npm/parse-json/-/parse-json-4.0.0.tgz",
      "integrity": "sha1-vjX1Qlvh9/bHRxhPmKeIy5lHfuA=",
      "requires": {
        "error-ex": "^1.3.1",
        "json-parse-better-errors": "^1.0.1"
      }
    },
    "punycode": {
      "version": "2.1.1",
      "resolved": "https://www.myget.org/F/ed-fi/npm/punycode/-/punycode-2.1.1.tgz",
      "integrity": "sha1-tYsBCsQMIsVldhbI0sLALHv0eew="
    },
    "ramda": {
      "version": "0.28.0",
      "resolved": "https://www.myget.org/F/ed-fi/npm/ramda/-/ramda-0.28.0.tgz",
      "integrity": "sha1-rNeFaQEAM36LBjyrNHABm+QnzJc="
    },
    "readable-stream": {
      "version": "3.6.0",
      "resolved": "https://www.myget.org/F/ed-fi/npm/readable-stream/-/readable-stream-3.6.0.tgz",
      "integrity": "sha1-M3u9o63AcGvT4CRCaihtS0sskZg=",
      "requires": {
        "inherits": "^2.0.3",
        "string_decoder": "^1.1.1",
        "util-deprecate": "^1.0.1"
      }
    },
    "remove-trailing-separator": {
      "version": "1.1.0",
      "resolved": "https://www.myget.org/F/ed-fi/npm/remove-trailing-separator/-/remove-trailing-separator-1.1.0.tgz",
      "integrity": "sha1-wkvOKig62tW8P1jg1IJJuSN52O8=",
      "dev": true
    },
    "resolve-from": {
      "version": "3.0.0",
      "resolved": "https://www.myget.org/F/ed-fi/npm/resolve-from/-/resolve-from-3.0.0.tgz",
      "integrity": "sha1-six699nWiBvItuZTM17rywoYh0g="
    },
    "safe-buffer": {
      "version": "5.2.1",
      "resolved": "https://www.myget.org/F/ed-fi/npm/safe-buffer/-/safe-buffer-5.2.1.tgz",
      "integrity": "sha1-Hq+fqb2x/dTsdfWPnNtOa3gn7sY="
    },
    "safe-stable-stringify": {
      "version": "2.4.1",
      "resolved": "https://www.myget.org/F/ed-fi/npm/safe-stable-stringify/-/safe-stable-stringify-2.4.1.tgz",
      "integrity": "sha1-NGlL2KMFdbf5R5KqUVJ1Ub1zPWE="
    },
    "semver": {
      "version": "7.3.8",
      "requires": {
        "lru-cache": "^6.0.0"
      }
    },
    "simple-swizzle": {
      "version": "0.2.2",
      "resolved": "https://www.myget.org/F/ed-fi/npm/simple-swizzle/-/simple-swizzle-0.2.2.tgz",
      "integrity": "sha1-pNprY1/8zMoz9w0Xy5JZLeleVXo=",
      "requires": {
        "is-arrayish": "^0.3.1"
      },
      "dependencies": {
        "is-arrayish": {
          "version": "0.3.2",
          "resolved": "https://www.myget.org/F/ed-fi/npm/is-arrayish/-/is-arrayish-0.3.2.tgz",
          "integrity": "sha1-RXSirlb3qyBolvtDHq7tBm/fjwM="
        }
      }
    },
    "sprintf-js": {
      "version": "1.0.3",
      "resolved": "https://www.myget.org/F/ed-fi/npm/sprintf-js/-/sprintf-js-1.0.3.tgz",
      "integrity": "sha1-BOaSb2YolTVPPdAVIDYzuFcpfiw="
    },
    "stack-trace": {
      "version": "0.0.10",
      "resolved": "https://www.myget.org/F/ed-fi/npm/stack-trace/-/stack-trace-0.0.10.tgz",
      "integrity": "sha1-VHxws0fo0ytOEI6hoqFZ5f3eGcA="
    },
    "string_decoder": {
      "version": "1.3.0",
      "resolved": "https://www.myget.org/F/ed-fi/npm/string_decoder/-/string_decoder-1.3.0.tgz",
      "integrity": "sha1-QvEUWUpGzxqOMLCoT1bHjD7awh4=",
      "requires": {
        "safe-buffer": "~5.2.0"
      }
    },
    "sugar": {
      "version": "2.0.6",
      "resolved": "https://www.myget.org/F/ed-fi/npm/sugar/-/sugar-2.0.6.tgz",
      "integrity": "sha1-qgjjia3ScQn7NXGFmDE+BQOk/Dk=",
      "requires": {
        "sugar-core": "^2.0.0"
      }
    },
    "sugar-core": {
      "version": "2.0.6",
      "resolved": "https://www.myget.org/F/ed-fi/npm/sugar-core/-/sugar-core-2.0.6.tgz",
      "integrity": "sha1-eF4M1kqnMC6lTUe8EhPv5SwAYnA="
    },
    "supports-color": {
      "version": "7.2.0",
      "resolved": "https://www.myget.org/F/ed-fi/npm/supports-color/-/supports-color-7.2.0.tgz",
      "integrity": "sha1-G33NyzK4E4gBs+R4umpRyqiWSNo=",
      "requires": {
        "has-flag": "^4.0.0"
      }
    },
    "text-hex": {
      "version": "1.0.0",
      "resolved": "https://www.myget.org/F/ed-fi/npm/text-hex/-/text-hex-1.0.0.tgz",
      "integrity": "sha1-adycGxdEbueakr9biEu0uRJ1BvU="
    },
    "topo": {
      "version": "2.0.2",
      "resolved": "https://www.myget.org/F/ed-fi/npm/topo/-/topo-2.0.2.tgz",
      "integrity": "sha1-zVYVdSU5BXwNwEkaYhw7xvvh0YI=",
      "requires": {
        "hoek": "4.x.x"
      }
    },
    "triple-beam": {
      "version": "1.3.0",
      "resolved": "https://www.myget.org/F/ed-fi/npm/triple-beam/-/triple-beam-1.3.0.tgz",
      "integrity": "sha1-pZUhTHKY24M57u7gg+TRC9jLjdk="
    },
    "universalify": {
      "version": "0.1.2"
    },
    "uri-js": {
      "version": "4.4.1",
      "resolved": "https://www.myget.org/F/ed-fi/npm/uri-js/-/uri-js-4.4.1.tgz",
      "integrity": "sha1-mxpSWVIlhZ5V9mnZKPiMbFfyp34=",
      "requires": {
        "punycode": "^2.1.0"
      }
    },
    "util-deprecate": {
      "version": "1.0.2",
      "resolved": "https://www.myget.org/F/ed-fi/npm/util-deprecate/-/util-deprecate-1.0.2.tgz",
      "integrity": "sha1-RQ1Nyfpw3nMnYvvS1KKJgUGaDM8="
    },
    "winston": {
      "version": "3.8.2",
      "resolved": "https://www.myget.org/F/ed-fi/npm/winston/-/winston-3.8.2.tgz",
      "integrity": "sha1-VuFrNAIutM/yY4GW2WRtdDD9rVA=",
      "requires": {
        "@colors/colors": "1.5.0",
        "@dabh/diagnostics": "^2.0.2",
        "async": "^3.2.3",
        "is-stream": "^2.0.0",
        "logform": "^2.4.0",
        "one-time": "^1.0.0",
        "readable-stream": "^3.4.0",
        "safe-stable-stringify": "^2.3.1",
        "stack-trace": "0.0.x",
        "triple-beam": "^1.3.0",
        "winston-transport": "^4.5.0"
      }
    },
    "winston-transport": {
      "version": "4.5.0",
      "resolved": "https://www.myget.org/F/ed-fi/npm/winston-transport/-/winston-transport-4.5.0.tgz",
      "integrity": "sha1-bnsN0E05MXHtXk5JBdsmX3qzhPo=",
      "requires": {
        "logform": "^2.3.2",
        "readable-stream": "^3.6.0",
        "triple-beam": "^1.3.0"
      }
    }
  }
}
